
Microsoft Visual Studio Solution File, Format Version 12.00
# Visual Studio Version 17
VisualStudioVersion = 17.5.33502.453
MinimumVisualStudioVersion = 10.0.40219.1
Project("{FAE04EC0-301F-11D3-BF4B-00C04F79EFBC}") = "QATools", "QATools\QATools.csproj", "{4E7E18C7-BB59-4259-967F-7D9F169B833A}"
EndProject
Global
	GlobalSection(SolutionConfigurationPlatforms) = preSolution
		Debug|Any CPU = Debug|Any CPU
		Release|Any CPU = Release|Any CPU
	EndGlobalSection
	GlobalSection(ProjectConfigurationPlatforms) = postSolution
		{4E7E18C7-BB59-4259-967F-7D9F169B833A}.Debug|Any CPU.ActiveCfg = Debug|Any CPU
		{4E7E18C7-BB59-4259-967F-7D9F169B833A}.Debug|Any CPU.Build.0 = Debug|Any CPU
		{4E7E18C7-BB59-4259-967F-7D9F169B833A}.Release|Any CPU.ActiveCfg = Release|Any CPU
		{4E7E18C7-BB59-4259-967F-7D9F169B833A}.Release|Any CPU.Build.0 = Release|Any CPU
	EndGlobalSection
	GlobalSection(SolutionProperties) = preSolution
		HideSolutionNode = FALSE
	EndGlobalSection
	GlobalSection(ExtensibilityGlobals) = postSolution
		SolutionGuid = {61659637-16D7-4BD8-8A96-D00332AB9DAF}
	EndGlobalSection
EndGlobal
